<?xml version="1.0" encoding="UTF-8" standalone="yes" ?>
<CodeBlocks_project_file>
	<FileVersion major="1" minor="6" />
	<Project>
		<Option title="CoreModule" />
		<Option pch_mode="2" />
		<Option compiler="gcc" />
		<Build>
			<Target title="Debug">
				<Option output="bin/Debug/CoreModule" prefix_auto="1" extension_auto="1" />
				<Option object_output="obj/Debug/" />
				<Option type="1" />
				<Option compiler="gcc" />
				<Compiler>
					<Add option="-std=c++11" />
					<Add option="-g" />
					<Add directory="STRUCTURES/include" />
					<Add directory="COMMUNICATION_MODULE/include" />
				</Compiler>
				<Linker>
					<Add option="libprotobuf.a -lm" />
					<Add option="-pthread" />
				</Linker>
			</Target>
			<Target title="Release">
				<Option output="bin/Release/CoreModule" prefix_auto="1" extension_auto="1" />
				<Option object_output="obj/Release/" />
				<Option type="0" />
				<Option compiler="gcc" />
				<Compiler>
					<Add option="-O2" />
					<Add option="-std=c++11" />
					<Add directory="STRUCTURES/include" />
					<Add directory="COMMUNICATION_MODULE/include" />
				</Compiler>
				<Linker>
					<Add option="-s" />
					<Add option="libprotobuf.a -lm" />
					<Add option="-pthread" />
				</Linker>
			</Target>
		</Build>
		<Compiler>
			<Add option="-std=c++11" />
			<Add option="-Wall" />
		</Compiler>
		<Linker>
			<Add option="libprotobuf.a libGLU.a -lm" />
			<Add option="-pthread" />
			<Add library="GL" />
			<Add library="X11" />
			<Add library="glut" />
			<Add library="GLU" />
		</Linker>
		<Unit filename="COMMUNICATION_MODULE/include/AbstractServer.h" />
		<Unit filename="COMMUNICATION_MODULE/include/LinuxServer.h" />
		<Unit filename="COMMUNICATION_MODULE/include/structs.pb.h" />
		<Unit filename="COMMUNICATION_MODULE/src/LinuxServer.cpp" />
		<Unit filename="COMMUNICATION_MODULE/src/structs.pb.cc" />
		<Unit filename="STRUCTURES/include/Data.h" />
		<Unit filename="STRUCTURES/include/Element.h" />
		<Unit filename="STRUCTURES/include/Structures.h" />
		<Unit filename="STRUCTURES/src/Data.cpp" />
		<Unit filename="STRUCTURES/src/Structures.cpp" />
		<Unit filename="rotateCamera.cpp" />
		<Extensions>
			<code_completion />
			<debugger />
		</Extensions>
	</Project>
</CodeBlocks_project_file>
